{
    "_meta": {
        "hash": {
            "sha256": "9f20f7727662fc87e794a54e0168c5733c51807985c202f98631beba78284b9f"
        },
        "pipfile-spec": 6,
        "requires": {
            "python_version": "3.10"
        },
        "sources": [
            {
                "name": "pypi",
                "url": "https://pypi.org/simple",
                "verify_ssl": true
            }
        ]
    },
    "default": {
        "attrs": {
            "hashes": [
                "sha256:16d5969b87f0859ef33a48b35d55ac1be6e42ae49d5e853b597db70c35c57e11",
                "sha256:adcf7e2a1fb3b36ac48d97835bb6d8ade15b8dcce26aba8bf1d14847b57a3373"
            ],
            "markers": "python_version >= '3.9'",
            "version": "==25.4.0"
        },
        "aws-cdk-lib": {
            "hashes": [
                "sha256:977e572bbdfa13e0ba1720d69ef45c69d8179b40c3db806bdb1710391c7e59e4",
                "sha256:f258a686a86f341f84070baa6d60e578c9acf3fa17d1408c17dde2ba0385c0da"
            ],
            "index": "pypi",
            "markers": "python_version ~= '3.7'",
            "version": "==2.78.0"
        },
        "aws-cdk.asset-awscli-v1": {
            "hashes": [
                "sha256:06222116359a677700092d3fa6b8f39841ac5fa3d8467006e885a7e662686daf",
                "sha256:b2331f26675634de8e54291c2ff5acb24612c9d6cedc1835ba21457643909b8c"
            ],
            "markers": "python_version ~= '3.9'",
            "version": "==2.2.271"
        },
        "aws-cdk.asset-kubectl-v20": {
            "hashes": [
                "sha256:14a194e14adbf3868a8105b07e8714e10e6621a22beca9b4859a82a9cfbe68f6",
                "sha256:c723c94c6c89283efef779ca44bea8e2e312d49b07bf5beaf6f27340e1fecff4"
            ],
            "markers": "python_version ~= '3.8'",
            "version": "==2.1.4"
        },
        "aws-cdk.asset-node-proxy-agent-v5": {
            "hashes": [
                "sha256:73d4a4f4bdeb3019779137e4b18d7c5efc8353dff673508bd8c584569ea18db6",
                "sha256:d71d80710734c47f7114e3e51843c4a8ebae3bbe5032a5af40ca56ca611c0cfe"
            ],
            "markers": "python_version ~= '3.7'",
            "version": "==2.0.166"
        },
        "aws-cdk.lambda-layer-kubectl-v25": {
            "hashes": [
                "sha256:9fb652e8adc0844b40ec4d31af3a4d44887a447fec2297e10ffb9bb15a2a4d64",
                "sha256:fdd6b685b6bdde85d67d2381b792eec8f794762e64db9cec706d9f23f3a41752"
            ],
            "markers": "python_version ~= '3.7'",
            "version": "==2.0.4"
        },
        "cattrs": {
            "hashes": [
                "sha256:1ac88d9e5eda10436c4517e390a4142d88638fe682c436c93db7ce4a277b884a",
                "sha256:9896e84e0a5bf723bc7b4b68f4481785367ce07a8a02e7e9ee6eb2819bc306ff"
            ],
            "markers": "python_version >= '3.9'",
            "version": "==25.3.0"
        },
        "cdk8s": {
            "hashes": [
                "sha256:bd3bd68cdcd807a6bb91fa541a4b4e201d18198da61e57aceab0e53d661447d2",
                "sha256:c09c35cce4af3d1a56afc62f30ce7a058d8f3de967343e44f4d88db5489e89be"
            ],
            "index": "pypi",
            "markers": "python_version ~= '3.7'",
            "version": "==2.66.13"
        },
        "cdk8s-plus-26": {
            "hashes": [
                "sha256:30c8a2dc477b95055880cd953ca63d8904bce4187aca41fffed2f7bd600a208a",
                "sha256:5390fd0f9a3c30206f0884678109cbe40caa0daa2506e4c8244627e0e69f4ad2"
            ],
            "index": "pypi",
            "markers": "python_version ~= '3.7'",
            "version": "==2.18.33"
        },
        "constructs": {
            "hashes": [
                "sha256:ade1b5224830e78724ed50ce91ec2e6ce437c9983713c2b8ca541272283c5d37",
                "sha256:f4ae2e0705baff188519e0233ad2129537c8eca40d68242873ca444a659549f8"
            ],
            "index": "pypi",
            "markers": "python_version ~= '3.7'",
            "version": "==10.2.70"
        },
        "exceptiongroup": {
            "hashes": [
                "sha256:8b412432c6055b0b7d14c310000ae93352ed6754f70fa8f7c34141f91c4e3219",
                "sha256:a7a39a3bd276781e98394987d3a5701d0c4edffb633bb7a5144577f82c773598"
            ],
            "markers": "python_version >= '3.7'",
            "version": "==1.3.1"
        },
        "importlib-resources": {
            "hashes": [
                "sha256:185f87adef5bcc288449d98fb4fba07cea78bc036455dd44c5fc4a2fe78fed2c",
                "sha256:789cfdc3ed28c78b67a06acb8126751ced69a3d5f79c095a98298cd8a760ccec"
            ],
            "markers": "python_version >= '3.9'",
            "version": "==6.5.2"
        },
        "jsii": {
            "hashes": [
                "sha256:631a13d73265eaa22c0c0804e77fe59c8fcc3af3a94de9923af65380b6ad267a",
                "sha256:92a11f39e461f5168e2467efd53351cc32b118314b95cc6323c2d044eb299eaf"
            ],
            "markers": "python_version ~= '3.9'",
            "version": "==1.127.0"
        },
        "publication": {
            "hashes": [
                "sha256:0248885351febc11d8a1098d5c8e3ab2dabcf3e8c0c96db1e17ecd12b53afbe6",
                "sha256:68416a0de76dddcdd2930d1c8ef853a743cc96c82416c4e4d3b5d901c6276dc4"
            ],
            "version": "==0.0.3"
        },
        "python-dateutil": {
            "hashes": [
                "sha256:37dd54208da7e1cd875388217d5e00ebd4179249f90fb72437e91a35459a0ad3",
                "sha256:a8b2bc7bffae282281c8140a97d3aa9c14da0b136dfe83f850eea9a5f7470427"
            ],
            "markers": "python_version >= '2.7' and python_version not in '3.0, 3.1, 3.2'",
            "version": "==2.9.0.post0"
        },
        "six": {
            "hashes": [
                "sha256:4721f391ed90541fddacab5acf947aa0d3dc7d27b2e1e8eda2be8970586c3274",
                "sha256:ff70335d468e7eb6ec65b95b99d3a2836546063f63acc5171de367e834932a81"
            ],
            "markers": "python_version >= '2.7' and python_version not in '3.0, 3.1, 3.2'",
            "version": "==1.17.0"
        },
        "typeguard": {
            "hashes": [
                "sha256:00edaa8da3a133674796cf5ea87d9f4b4c367d77476e185e80251cc13dfbb8c4",
                "sha256:5e3e3be01e887e7eafae5af63d1f36c849aaa94e3a0112097312aabfa16284f1"
            ],
            "markers": "python_full_version >= '3.5.3'",
            "version": "==2.13.3"
        },
        "typing-extensions": {
            "hashes": [
                "sha256:0cea48d173cc12fa28ecabc3b837ea3cf6f38c6d1136f85cbaaf598984861466",
                "sha256:f0fa19c6845758ab08074a0cfa8b7aecb71c999ca73d62883bc25cc018c4e548"
            ],
            "markers": "python_version >= '3.9'",
            "version": "==4.15.0"
        }
    },
    "develop": {}
}
